<?xml version="1.0" encoding="utf-8"?>
<Project ToolsVersion="4.0" xmlns="http://schemas.microsoft.com/developer/msbuild/2003">
  <ItemGroup>
    <Filter Include="Файлы исходного кода">
      <UniqueIdentifier>{4FC737F1-C7A5-4376-A066-2A32D752A2FF}</UniqueIdentifier>
      <Extensions>cpp;c;cc;cxx;def;odl;idl;hpj;bat;asm;asmx</Extensions>
    </Filter>
    <Filter Include="Заголовочные файлы">
      <UniqueIdentifier>{93995380-89BD-4b04-88EB-625FBE52EBFB}</UniqueIdentifier>
      <Extensions>h;hh;hpp;hxx;hm;inl;inc;xsd</Extensions>
    </Filter>
    <Filter Include="Файлы ресурсов">
      <UniqueIdentifier>{67DA6AB6-F800-4c08-8B7A-83BB121AAD01}</UniqueIdentifier>
      <Extensions>rc;ico;cur;bmp;dlg;rc2;rct;bin;rgs;gif;jpg;jpeg;jpe;resx;tiff;tif;png;wav;mfcribbon-ms</Extensions>
    </Filter>
    <Filter Include="Заголовочные файлы\Core">
      <UniqueIdentifier>{1b07b4ad-cd61-47b1-b39a-3830b54912ef}</UniqueIdentifier>
    </Filter>
    <Filter Include="Файлы исходного кода\Core">
      <UniqueIdentifier>{6a92f962-34d0-4fa9-ba22-2768d13933f2}</UniqueIdentifier>
    </Filter>
    <Filter Include="Заголовочные файлы\System">
      <UniqueIdentifier>{d10e26f4-acfa-457f-aea4-ba25342eda76}</UniqueIdentifier>
    </Filter>
    <Filter Include="Файлы исходного кода\System">
      <UniqueIdentifier>{ea7a0bc1-ba11-49e1-b5ba-4477e8e7be06}</UniqueIdentifier>
    </Filter>
    <Filter Include="Заголовочные файлы\Engine">
      <UniqueIdentifier>{5a69a722-b544-4819-aaab-6bbedb199da7}</UniqueIdentifier>
    </Filter>
    <Filter Include="Файлы исходного кода\Engine">
      <UniqueIdentifier>{18ac3fea-7675-4380-929c-8f898331d325}</UniqueIdentifier>
    </Filter>
    <Filter Include="Заголовочные файлы\World">
      <UniqueIdentifier>{410b5a6c-6c58-4190-8ae6-80ba50c00a74}</UniqueIdentifier>
    </Filter>
    <Filter Include="Файлы исходного кода\World">
      <UniqueIdentifier>{3ca0ae94-a260-473d-86a4-0d9cce132a6a}</UniqueIdentifier>
    </Filter>
    <Filter Include="Заголовочные файлы\Utility">
      <UniqueIdentifier>{9fc014d5-268c-4c7f-a2f2-486d363e14c0}</UniqueIdentifier>
    </Filter>
    <Filter Include="Файлы исходного кода\Utility">
      <UniqueIdentifier>{06417d8c-4693-4289-9ee1-2aaf42d01735}</UniqueIdentifier>
    </Filter>
  </ItemGroup>
  <ItemGroup>
    <ClInclude Include="Core.hpp">
      <Filter>Заголовочные файлы\Core</Filter>
    </ClInclude>
    <ClInclude Include="Log.hpp">
      <Filter>Заголовочные файлы\Core</Filter>
    </ClInclude>
    <ClInclude Include="Property.hpp">
      <Filter>Заголовочные файлы\Core</Filter>
    </ClInclude>
    <ClInclude Include="System.hpp">
      <Filter>Заголовочные файлы\Core</Filter>
    </ClInclude>
    <ClInclude Include="Types.hpp">
      <Filter>Заголовочные файлы\Core</Filter>
    </ClInclude>
    <ClInclude Include="Screen.hpp">
      <Filter>Заголовочные файлы\System</Filter>
    </ClInclude>
    <ClInclude Include="Application.hpp">
      <Filter>Заголовочные файлы\System</Filter>
    </ClInclude>
    <ClInclude Include="EventDefines.hpp">
      <Filter>Заголовочные файлы\Core</Filter>
    </ClInclude>
    <ClInclude Include="Window.hpp">
      <Filter>Заголовочные файлы\System</Filter>
    </ClInclude>
    <ClInclude Include="Timing.hpp">
      <Filter>Заголовочные файлы\Core</Filter>
    </ClInclude>
    <ClInclude Include="Input.hpp">
      <Filter>Заголовочные файлы\System</Filter>
    </ClInclude>
    <ClInclude Include="Graphics.hpp">
      <Filter>Заголовочные файлы\System</Filter>
    </ClInclude>
    <ClInclude Include="Camera.hpp">
      <Filter>Заголовочные файлы\Engine</Filter>
    </ClInclude>
    <ClInclude Include="Object.hpp">
      <Filter>Заголовочные файлы\World</Filter>
    </ClInclude>
    <ClInclude Include="Texture.hpp">
      <Filter>Заголовочные файлы\Engine</Filter>
    </ClInclude>
    <ClInclude Include="Utility.hpp">
      <Filter>Заголовочные файлы\Utility</Filter>
    </ClInclude>
    <ClInclude Include="TextureManager.hpp">
      <Filter>Заголовочные файлы\Engine</Filter>
    </ClInclude>
    <ClInclude Include="ResourceManager.hpp">
      <Filter>Заголовочные файлы\Engine</Filter>
    </ClInclude>
  </ItemGroup>
  <ItemGroup>
    <ClCompile Include="Property.cpp">
      <Filter>Файлы исходного кода\Core</Filter>
    </ClCompile>
    <ClCompile Include="Core.cpp">
      <Filter>Файлы исходного кода\Core</Filter>
    </ClCompile>
    <ClCompile Include="Log.cpp">
      <Filter>Файлы исходного кода\Core</Filter>
    </ClCompile>
    <ClCompile Include="System.cpp">
      <Filter>Файлы исходного кода\Core</Filter>
    </ClCompile>
    <ClCompile Include="Screen.cpp">
      <Filter>Файлы исходного кода\System</Filter>
    </ClCompile>
    <ClCompile Include="Application.cpp">
      <Filter>Файлы исходного кода\System</Filter>
    </ClCompile>
    <ClCompile Include="Window.cpp">
      <Filter>Файлы исходного кода\System</Filter>
    </ClCompile>
    <ClCompile Include="Timing.cpp">
      <Filter>Файлы исходного кода\Core</Filter>
    </ClCompile>
    <ClCompile Include="Input.cpp">
      <Filter>Файлы исходного кода\System</Filter>
    </ClCompile>
    <ClCompile Include="Graphics.cpp">
      <Filter>Файлы исходного кода\System</Filter>
    </ClCompile>
    <ClCompile Include="Camera.cpp">
      <Filter>Файлы исходного кода\Engine</Filter>
    </ClCompile>
    <ClCompile Include="Object.cpp">
      <Filter>Файлы исходного кода\World</Filter>
    </ClCompile>
    <ClCompile Include="Utility.cpp">
      <Filter>Файлы исходного кода\Utility</Filter>
    </ClCompile>
    <ClCompile Include="TextureManager.cpp">
      <Filter>Файлы исходного кода\Engine</Filter>
    </ClCompile>
    <ClCompile Include="ResourceManager.cpp">
      <Filter>Файлы исходного кода\Engine</Filter>
    </ClCompile>
  </ItemGroup>
</Project>