<?xml version="1.0" encoding="utf-8"?>
<Project ToolsVersion="4.0" xmlns="http://schemas.microsoft.com/developer/msbuild/2003">
  <ItemGroup>
    <Filter Include="Файлы исходного кода">
      <UniqueIdentifier>{4FC737F1-C7A5-4376-A066-2A32D752A2FF}</UniqueIdentifier>
      <Extensions>cpp;c;cc;cxx;def;odl;idl;hpj;bat;asm;asmx</Extensions>
    </Filter>
    <Filter Include="Заголовочные файлы">
      <UniqueIdentifier>{93995380-89BD-4b04-88EB-625FBE52EBFB}</UniqueIdentifier>
      <Extensions>h;hh;hpp;hxx;hm;inl;inc;xsd</Extensions>
    </Filter>
    <Filter Include="Файлы ресурсов">
      <UniqueIdentifier>{67DA6AB6-F800-4c08-8B7A-83BB121AAD01}</UniqueIdentifier>
      <Extensions>rc;ico;cur;bmp;dlg;rc2;rct;bin;rgs;gif;jpg;jpeg;jpe;resx;tiff;tif;png;wav;mfcribbon-ms</Extensions>
    </Filter>
    <Filter Include="Файлы исходного кода\SystemMain">
      <UniqueIdentifier>{77837c32-a891-4f7e-b144-86fc9e796fa3}</UniqueIdentifier>
    </Filter>
    <Filter Include="Заголовочные файлы\SystemMain">
      <UniqueIdentifier>{6cc560aa-6331-4505-98c9-fc6dab82ef86}</UniqueIdentifier>
    </Filter>
  </ItemGroup>
  <ItemGroup>
    <ClCompile Include="Src\WinMain.cpp">
      <Filter>Файлы исходного кода\SystemMain</Filter>
    </ClCompile>
    <ClCompile Include="GameApp.cpp">
      <Filter>Файлы исходного кода\SystemMain</Filter>
    </ClCompile>
    <ClCompile Include="GameScreen.cpp">
      <Filter>Файлы исходного кода\SystemMain</Filter>
    </ClCompile>
  </ItemGroup>
  <ItemGroup>
    <ClInclude Include="GameScreen.hpp">
      <Filter>Заголовочные файлы\SystemMain</Filter>
    </ClInclude>
    <ClInclude Include="GameApp.hpp">
      <Filter>Заголовочные файлы\SystemMain</Filter>
    </ClInclude>
  </ItemGroup>
</Project>